// !$*UTF8*$!
{
	archiveVersion = 1;
	classes = {
	};
	objectVersion = 46;
	objects = {

/* Begin PBXBuildFile section */
		1830003B1A15D1C4000A2243 /* AppDelegate.swift in Sources */ = {isa = PBXBuildFile; fileRef = 1830003A1A15D1C4000A2243 /* AppDelegate.swift */; };
		1830003D1A15D1C4000A2243 /* ViewController.swift in Sources */ = {isa = PBXBuildFile; fileRef = 1830003C1A15D1C4000A2243 /* ViewController.swift */; };
		183000401A15D1C4000A2243 /* Main.storyboard in Resources */ = {isa = PBXBuildFile; fileRef = 1830003E1A15D1C4000A2243 /* Main.storyboard */; };
		183000421A15D1C4000A2243 /* Images.xcassets in Resources */ = {isa = PBXBuildFile; fileRef = 183000411A15D1C4000A2243 /* Images.xcassets */; };
		1830004E1A15D1C4000A2243 /* PostcardTests.swift in Sources */ = {isa = PBXBuildFile; fileRef = 1830004D1A15D1C4000A2243 /* PostcardTests.swift */; };
/* End PBXBuildFile section */

/* Begin PBXContainerItemProxy section */
		183000481A15D1C4000A2243 /* PBXContainerItemProxy */ = {
			isa = PBXContainerItemProxy;
			containerPortal = 1830002D1A15D1C3000A2243 /* Project object */;
			proxyType = 1;
			remoteGlobalIDString = 183000341A15D1C3000A2243;
			remoteInfo = Postcard;
		};
/* End PBXContainerItemProxy section */

/* Begin PBXFileReference section */
		183000351A15D1C4000A2243 /* Postcard.app */ = {isa = PBXFileReference; explicitFileType = wrapper.application; includeInIndex = 0; path = Postcard.app; sourceTree = BUILT_PRODUCTS_DIR; };
		183000391A15D1C4000A2243 /* Info.plist */ = {isa = PBXFileReference; lastKnownFileType = text.plist.xml; path = Info.plist; sourceTree = "<group>"; };
		1830003A1A15D1C4000A2243 /* AppDelegate.swift */ = {isa = PBXFileReference; lastKnownFileType = sourcecode.swift; path = AppDelegate.swift; sourceTree = "<group>"; };
		1830003C1A15D1C4000A2243 /* ViewController.swift */ = {isa = PBXFileReference; lastKnownFileType = sourcecode.swift; path = ViewController.swift; sourceTree = "<group>"; };
		1830003F1A15D1C4000A2243 /* Base */ = {isa = PBXFileReference; lastKnownFileType = file.storyboard; name = Base; path = Base.lproj/Main.storyboard; sourceTree = "<group>"; };
		183000411A15D1C4000A2243 /* Images.xcassets */ = {isa = PBXFileReference; lastKnownFileType = folder.assetcatalog; path = Images.xcassets; sourceTree = "<group>"; };
		183000471A15D1C4000A2243 /* PostcardTests.xctest */ = {isa = PBXFileReference; explicitFileType = wrapper.cfbundle; includeInIndex = 0; path = PostcardTests.xctest; sourceTree = BUILT_PRODUCTS_DIR; };
		1830004C1A15D1C4000A2243 /* Info.plist */ = {isa = PBXFileReference; lastKnownFileType = text.plist.xml; path = Info.plist; sourceTree = "<group>"; };
		1830004D1A15D1C4000A2243 /* PostcardTests.swift */ = {isa = PBXFileReference; lastKnownFileType = sourcecode.swift; path = PostcardTests.swift; sourceTree = "<group>"; };
/* End PBXFileReference section */

/* Begin PBXFrameworksBuildPhase section */
		183000321A15D1C3000A2243 /* Frameworks */ = {
			isa = PBXFrameworksBuildPhase;
			buildActionMask = 2147483647;
			files = (
			);
			runOnlyForDeploymentPostprocessing = 0;
		};
		183000441A15D1C4000A2243 /* Frameworks */ = {
			isa = PBXFrameworksBuildPhase;
			buildActionMask = 2147483647;
			files = (
			);
			runOnlyForDeploymentPostprocessing = 0;
		};
/* End PBXFrameworksBuildPhase section */

/* Begin PBXGroup section */
		1830002C1A15D1C3000A2243 = {
			isa = PBXGroup;
			children = (
				183000371A15D1C4000A2243 /* Postcard */,
				1830004A1A15D1C4000A2243 /* PostcardTests */,
				183000361A15D1C4000A2243 /* Products */,
			);
			sourceTree = "<group>";
		};
		183000361A15D1C4000A2243 /* Products */ = {
			isa = PBXGroup;
			children = (
				183000351A15D1C4000A2243 /* Postcard.app */,
				183000471A15D1C4000A2243 /* PostcardTests.xctest */,
			);
			name = Products;
			sourceTree = "<group>";
		};
		183000371A15D1C4000A2243 /* Postcard */ = {
			isa = PBXGroup;
			children = (
				1830003A1A15D1C4000A2243 /* AppDelegate.swift */,
				1830003C1A15D1C4000A2243 /* ViewController.swift */,
				1830003E1A15D1C4000A2243 /* Main.storyboard */,
				183000411A15D1C4000A2243 /* Images.xcassets */,
				183000381A15D1C4000A2243 /* Supporting Files */,
			);
			path = Postcard;
			sourceTree = "<group>";
		};
		183000381A15D1C4000A2243 /* Supporting Files */ = {
			isa = PBXGroup;
			children = (
				183000391A15D1C4000A2243 /* Info.plist */,
			);
			name = "Supporting Files";
			sourceTree = "<group>";
		};
		1830004A1A15D1C4000A2243 /* PostcardTests */ = {
			isa = PBXGroup;
			children = (
				1830004D1A15D1C4000A2243 /* PostcardTests.swift */,
				1830004B1A15D1C4000A2243 /* Supporting Files */,
			);
			path = PostcardTests;
			sourceTree = "<group>";
		};
		1830004B1A15D1C4000A2243 /* Supporting Files */ = {
			isa = PBXGroup;
			children = (
				1830004C1A15D1C4000A2243 /* Info.plist */,
			);
			name = "Supporting Files";
			sourceTree = "<group>";
		};
/* End PBXGroup section */

/* Begin PBXNativeTarget section */
		183000341A15D1C3000A2243 /* Postcard */ = {
			isa = PBXNativeTarget;
			buildConfigurationList = 183000511A15D1C4000A2243 /* Build configuration list for PBXNativeTarget "Postcard" */;
			buildPhases = (
				183000311A15D1C3000A2243 /* Sources */,
				183000321A15D1C3000A2243 /* Frameworks */,
				183000331A15D1C3000A2243 /* Resources */,
			);
			buildRules = (
			);
			dependencies = (
			);
			name = Postcard;
			productName = Postcard;
			productReference = 183000351A15D1C4000A2243 /* Postcard.app */;
			productType = "com.apple.product-type.application";
		};
		183000461A15D1C4000A2243 /* PostcardTests */ = {
			isa = PBXNativeTarget;
			buildConfigurationList = 183000541A15D1C4000A2243 /* Build configuration list for PBXNativeTarget "PostcardTests" */;
			buildPhases = (
				183000431A15D1C4000A2243 /* Sources */,
				183000441A15D1C4000A2243 /* Frameworks */,
				183000451A15D1C4000A2243 /* Resources */,
			);
			buildRules = (
			);
			dependencies = (
				183000491A15D1C4000A2243 /* PBXTargetDependency */,
			);
			name = PostcardTests;
			productName = PostcardTests;
			productReference = 183000471A15D1C4000A2243 /* PostcardTests.xctest */;
			productType = "com.apple.product-type.bundle.unit-test";
		};
/* End PBXNativeTarget section */

/* Begin PBXProject section */
		1830002D1A15D1C3000A2243 /* Project object */ = {
			isa = PBXProject;
			attributes = {
				LastUpgradeCheck = 0600;
				ORGANIZATIONNAME = RAM;
				TargetAttributes = {
					183000341A15D1C3000A2243 = {
						CreatedOnToolsVersion = 6.0;
					};
					183000461A15D1C4000A2243 = {
						CreatedOnToolsVersion = 6.0;
						TestTargetID = 183000341A15D1C3000A2243;
					};
				};
			};
			buildConfigurationList = 183000301A15D1C3000A2243 /* Build configuration list for PBXProject "Postcard" */;
			compatibilityVersion = "Xcode 3.2";
			developmentRegion = English;
			hasScannedForEncodings = 0;
			knownRegions = (
				en,
				Base,
			);
			mainGroup = 1830002C1A15D1C3000A2243;
			productRefGroup = 183000361A15D1C4000A2243 /* Products */;
			projectDirPath = "";
			projectRoot = "";
			targets = (
				183000341A15D1C3000A2243 /* Postcard */,
				183000461A15D1C4000A2243 /* PostcardTests */,
			);
		};
/* End PBXProject section */

/* Begin PBXResourcesBuildPhase section */
		183000331A15D1C3000A2243 /* Resources */ = {
			isa = PBXResourcesBuildPhase;
			buildActionMask = 2147483647;
			files = (
				183000401A15D1C4000A2243 /* Main.storyboard in Resources */,
				183000421A15D1C4000A2243 /* Images.xcassets in Resources */,
			);
			runOnlyForDeploymentPostprocessing = 0;
		};
		183000451A15D1C4000A2243 /* Resources */ = {
			isa = PBXResourcesBuildPhase;
			buildActionMask = 2147483647;
			files = (
			);
			runOnlyForDeploymentPostprocessing = 0;
		};
/* End PBXResourcesBuildPhase section */

/* Begin PBXSourcesBuildPhase section */
		183000311A15D1C3000A2243 /* Sources */ = {
			isa = PBXSourcesBuildPhase;
			buildActionMask = 2147483647;
			files = (
				1830003D1A15D1C4000A2243 /* ViewController.swift in Sources */,
				1830003B1A15D1C4000A2243 /* AppDelegate.swift in Sources */,
			);
			runOnlyForDeploymentPostprocessing = 0;
		};
		183000431A15D1C4000A2243 /* Sources */ = {
			isa = PBXSourcesBuildPhase;
			buildActionMask = 2147483647;
			files = (
				1830004E1A15D1C4000A2243 /* PostcardTests.swift in Sources */,
			);
			runOnlyForDeploymentPostprocessing = 0;
		};
/* End PBXSourcesBuildPhase section */

/* Begin PBXTargetDependency section */
		183000491A15D1C4000A2243 /* PBXTargetDependency */ = {
			isa = PBXTargetDependency;
			target = 183000341A15D1C3000A2243 /* Postcard */;
			targetProxy = 183000481A15D1C4000A2243 /* PBXContainerItemProxy */;
		};
/* End PBXTargetDependency section */

/* Begin PBXVariantGroup section */
		1830003E1A15D1C4000A2243 /* Main.storyboard */ = {
			isa = PBXVariantGroup;
			children = (
				1830003F1A15D1C4000A2243 /* Base */,
			);
			name = Main.storyboard;
			sourceTree = "<group>";
		};
/* End PBXVariantGroup section */

/* Begin XCBuildConfiguration section */
		1830004F1A15D1C4000A2243 /* Debug */ = {
			isa = XCBuildConfiguration;
			buildSettings = {
				ALWAYS_SEARCH_USER_PATHS = NO;
				CLANG_CXX_LANGUAGE_STANDARD = "gnu++0x";
				CLANG_CXX_LIBRARY = "libc++";
				CLANG_ENABLE_MODULES = YES;
				CLANG_ENABLE_OBJC_ARC = YES;
				CLANG_WARN_BOOL_CONVERSION = YES;
				CLANG_WARN_CONSTANT_CONVERSION = YES;
				CLANG_WARN_DIRECT_OBJC_ISA_USAGE = YES_ERROR;
				CLANG_WARN_EMPTY_BODY = YES;
				CLANG_WARN_ENUM_CONVERSION = YES;
				CLANG_WARN_INT_CONVERSION = YES;
				CLANG_WARN_OBJC_ROOT_CLASS = YES_ERROR;
				CLANG_WARN_UNREACHABLE_CODE = YES;
				CLANG_WARN__DUPLICATE_METHOD_MATCH = YES;
				"CODE_SIGN_IDENTITY[sdk=iphoneos*]" = "iPhone Developer";
				COPY_PHASE_STRIP = NO;
				ENABLE_STRICT_OBJC_MSGSEND = YES;
				GCC_C_LANGUAGE_STANDARD = gnu99;
				GCC_DYNAMIC_NO_PIC = NO;
				GCC_OPTIMIZATION_LEVEL = 0;
				GCC_PREPROCESSOR_DEFINITIONS = (
					"DEBUG=1",
					"$(inherited)",
				);
				GCC_SYMBOLS_PRIVATE_EXTERN = NO;
				GCC_WARN_64_TO_32_BIT_CONVERSION = YES;
				GCC_WARN_ABOUT_RETURN_TYPE = YES_ERROR;
				GCC_WARN_UNDECLARED_SELECTOR = YES;
				GCC_WARN_UNINITIALIZED_AUTOS = YES_AGGRESSIVE;
				GCC_WARN_UNUSED_FUNCTION = YES;
				GCC_WARN_UNUSED_VARIABLE = YES;
				IPHONEOS_DEPLOYMENT_TARGET = 8.0;
				METAL_ENABLE_DEBUG_INFO = YES;
				ONLY_ACTIVE_ARCH = YES;
				SDKROOT = iphoneos;
				SWIFT_OPTIMIZATION_LEVEL = "-Onone";
				TARGETED_DEVICE_FAMILY = "1,2";
			};
			name = Debug;
		};
		183000501A15D1C4000A2243 /* Release */ = {
			isa = XCBuildConfiguration;
			buildSettings = {
				ALWAYS_SEARCH_USER_PATHS = NO;
				CLANG_CXX_LANGUAGE_STANDARD = "gnu++0x";
				CLANG_CXX_LIBRARY = "libc++";
				CLANG_ENABLE_MODULES = YES;
				CLANG_ENABLE_OBJC_ARC = YES;
				CLANG_WARN_BOOL_CONVERSION = YES;
				CLANG_WARN_CONSTANT_CONVERSION = YES;
				CLANG_WARN_DIRECT_OBJC_ISA_USAGE = YES_ERROR;
				CLANG_WARN_EMPTY_BODY = YES;
				CLANG_WARN_ENUM_CONVERSION = YES;
				CLANG_WARN_INT_CONVERSION = YES;
				CLANG_WARN_OBJC_ROOT_CLASS = YES_ERROR;
				CLANG_WARN_UNREACHABLE_CODE = YES;
				CLANG_WARN__DUPLICATE_METHOD_MATCH = YES;
				"CODE_SIGN_IDENTITY[sdk=iphoneos*]" = "iPhone Developer";
				COPY_PHASE_STRIP = YES;
				ENABLE_NS_ASSERTIONS = NO;
				ENABLE_STRICT_OBJC_MSGSEND = YES;
				GCC_C_LANGUAGE_STANDARD = gnu99;
				GCC_WARN_64_TO_32_BIT_CONVERSION = YES;
				GCC_WARN_ABOUT_RETURN_TYPE = YES_ERROR;
				GCC_WARN_UNDECLARED_SELECTOR = YES;
				GCC_WARN_UNINITIALIZED_AUTOS = YES_AGGRESSIVE;
				GCC_WARN_UNUSED_FUNCTION = YES;
				GCC_WARN_UNUSED_VARIABLE = YES;
				IPHONEOS_DEPLOYMENT_TARGET = 8.0;
				METAL_ENABLE_DEBUG_INFO = NO;
				SDKROOT = iphoneos;
				TARGETED_DEVICE_FAMILY = "1,2";
				VALIDATE_PRODUCT = YES;
			};
			name = Release;
		};
		183000521A15D1C4000A2243 /* Debug */ = {
			isa = XCBuildConfiguration;
			buildSettings = {
				ASSETCATALOG_COMPILER_APPICON_NAME = AppIcon;
				ASSETCATALOG_COMPILER_LAUNCHIMAGE_NAME = LaunchImage;
				INFOPLIST_FILE = Postcard/Info.plist;
				LD_RUNPATH_SEARCH_PATHS = "$(inherited) @executable_path/Frameworks";
				PRODUCT_NAME = "$(TARGET_NAME)";
			};
			name = Debug;
		};
		183000531A15D1C4000A2243 /* Release */ = {
			isa = XCBuildConfiguration;
			buildSettings = {
				ASSETCATALOG_COMPILER_APPICON_NAME = AppIcon;
				ASSETCATALOG_COMPILER_LAUNCHIMAGE_NAME = LaunchImage;
				INFOPLIST_FILE = Postcard/Info.plist;
				LD_RUNPATH_SEARCH_PATHS = "$(inherited) @executable_path/Frameworks";
				PRODUCT_NAME = "$(TARGET_NAME)";
			};
			name = Release;
		};
		183000551A15D1C4000A2243 /* Debug */ = {
			isa = XCBuildConfiguration;
			buildSettings = {
				BUNDLE_LOADER = "$(BUILT_PRODUCTS_DIR)/Postcard.app/Postcard";
				FRAMEWORK_SEARCH_PATHS = (
					"$(SDKROOT)/Developer/Library/Frameworks",
					"$(inherited)",
				);
				GCC_PREPROCESSOR_DEFINITIONS = (
					"DEBUG=1",
					"$(inherited)",
				);
				INFOPLIST_FILE = PostcardTests/Info.plist;
				LD_RUNPATH_SEARCH_PATHS = "$(inherited) @executable_path/Frameworks @loader_path/Frameworks";
				METAL_ENABLE_DEBUG_INFO = YES;
				PRODUCT_NAME = "$(TARGET_NAME)";
				TEST_HOST = "$(BUNDLE_LOADER)";
			};
			name = Debug;
		};
		183000561A15D1C4000A2243 /* Release */ = {
			isa = XCBuildConfiguration;
			buildSettings = {
				BUNDLE_LOADER = "$(BUILT_PRODUCTS_DIR)/Postcard.app/Postcard";
				FRAMEWORK_SEARCH_PATHS = (
					"$(SDKROOT)/Developer/Library/Frameworks",
					"$(inherited)",
				);
				INFOPLIST_FILE = PostcardTests/Info.plist;
				LD_RUNPATH_SEARCH_PATHS = "$(inherited) @executable_path/Frameworks @loader_path/Frameworks";
				METAL_ENABLE_DEBUG_INFO = NO;
				PRODUCT_NAME = "$(TARGET_NAME)";
				TEST_HOST = "$(BUNDLE_LOADER)";
			};
			name = Release;
		};
/* End XCBuildConfiguration section */

/* Begin XCConfigurationList section */
		183000301A15D1C3000A2243 /* Build configuration list for PBXProject "Postcard" */ = {
			isa = XCConfigurationList;
			buildConfigurations = (
				1830004F1A15D1C4000A2243 /* Debug */,
				183000501A15D1C4000A2243 /* Release */,
			);
			defaultConfigurationIsVisible = 0;
			defaultConfigurationName = Release;
		};
		183000511A15D1C4000A2243 /* Build configuration list for PBXNativeTarget "Postcard" */ = {
			isa = XCConfigurationList;
			buildConfigurations = (
				183000521A15D1C4000A2243 /* Debug */,
				183000531A15D1C4000A2243 /* Release */,
			);
			defaultConfigurationIsVisible = 0;
		};
		183000541A15D1C4000A2243 /* Build configuration list for PBXNativeTarget "PostcardTests" */ = {
			isa = XCConfigurationList;
			buildConfigurations = (
				183000551A15D1C4000A2243 /* Debug */,
				183000561A15D1C4000A2243 /* Release */,
			);
			defaultConfigurationIsVisible = 0;
		};
/* End XCConfigurationList section */
	};
	rootObject = 1830002D1A15D1C3000A2243 /* Project object */;
}
